
Microsoft Visual Studio Solution File, Format Version 12.00
# Visual Studio Version 16
VisualStudioVersion = 16.0.31729.503
MinimumVisualStudioVersion = 10.0.40219.1
Project("{FAE04EC0-301F-11D3-BF4B-00C04F79EFBC}") = "Verificacao por imagens", "Verificacao por imagens\Verificacao por imagens.csproj", "{CC0FD4C5-9934-4FE1-8670-38E043475EE8}"
EndProject
Global
	GlobalSection(SolutionConfigurationPlatforms) = preSolution
		Debug|Any CPU = Debug|Any CPU
		Release|Any CPU = Release|Any CPU
	EndGlobalSection
	GlobalSection(ProjectConfigurationPlatforms) = postSolution
		{CC0FD4C5-9934-4FE1-8670-38E043475EE8}.Debug|Any CPU.ActiveCfg = Debug|Any CPU
		{CC0FD4C5-9934-4FE1-8670-38E043475EE8}.Debug|Any CPU.Build.0 = Debug|Any CPU
		{CC0FD4C5-9934-4FE1-8670-38E043475EE8}.Release|Any CPU.ActiveCfg = Release|Any CPU
		{CC0FD4C5-9934-4FE1-8670-38E043475EE8}.Release|Any CPU.Build.0 = Release|Any CPU
	EndGlobalSection
	GlobalSection(SolutionProperties) = preSolution
		HideSolutionNode = FALSE
	EndGlobalSection
	GlobalSection(ExtensibilityGlobals) = postSolution
		SolutionGuid = {B1EDA223-858D-49E6-B5C6-0870F1114AE0}
	EndGlobalSection
EndGlobal
